// !$*UTF8*$!
{
	archiveVersion = 1;
	classes = {
	};
	objectVersion = 50;
	objects = {

/* Begin PBXBuildFile section */
		75655671231AEC4F0033695B /* AppDelegate.swift in Sources */ = {isa = PBXBuildFile; fileRef = 75655670231AEC4F0033695B /* AppDelegate.swift */; };
		75655673231AEC4F0033695B /* CompactMapVC.swift in Sources */ = {isa = PBXBuildFile; fileRef = 75655672231AEC4F0033695B /* CompactMapVC.swift */; };
		75655676231AEC4F0033695B /* CompactMapVC.storyboard in Resources */ = {isa = PBXBuildFile; fileRef = 75655674231AEC4F0033695B /* CompactMapVC.storyboard */; };
		75655678231AEC500033695B /* Assets.xcassets in Resources */ = {isa = PBXBuildFile; fileRef = 75655677231AEC500033695B /* Assets.xcassets */; };
		7565567B231AEC500033695B /* LaunchScreen.storyboard in Resources */ = {isa = PBXBuildFile; fileRef = 75655679231AEC500033695B /* LaunchScreen.storyboard */; };
		75655683231AEC6C0033695B /* JsonModel.swift in Sources */ = {isa = PBXBuildFile; fileRef = 75655682231AEC6C0033695B /* JsonModel.swift */; };
/* End PBXBuildFile section */

/* Begin PBXFileReference section */
		7565566D231AEC4F0033695B /* CodableParsing.app */ = {isa = PBXFileReference; explicitFileType = wrapper.application; includeInIndex = 0; path = CodableParsing.app; sourceTree = BUILT_PRODUCTS_DIR; };
		75655670231AEC4F0033695B /* AppDelegate.swift */ = {isa = PBXFileReference; lastKnownFileType = sourcecode.swift; path = AppDelegate.swift; sourceTree = "<group>"; };
		75655672231AEC4F0033695B /* CompactMapVC.swift */ = {isa = PBXFileReference; lastKnownFileType = sourcecode.swift; path = CompactMapVC.swift; sourceTree = "<group>"; };
		75655675231AEC4F0033695B /* Base */ = {isa = PBXFileReference; lastKnownFileType = file.storyboard; name = Base; path = Base.lproj/CompactMapVC.storyboard; sourceTree = "<group>"; };
		75655677231AEC500033695B /* Assets.xcassets */ = {isa = PBXFileReference; lastKnownFileType = folder.assetcatalog; path = Assets.xcassets; sourceTree = "<group>"; };
		7565567A231AEC500033695B /* Base */ = {isa = PBXFileReference; lastKnownFileType = file.storyboard; name = Base; path = Base.lproj/LaunchScreen.storyboard; sourceTree = "<group>"; };
		7565567C231AEC500033695B /* Info.plist */ = {isa = PBXFileReference; lastKnownFileType = text.plist.xml; path = Info.plist; sourceTree = "<group>"; };
		75655682231AEC6C0033695B /* JsonModel.swift */ = {isa = PBXFileReference; lastKnownFileType = sourcecode.swift; path = JsonModel.swift; sourceTree = "<group>"; };
/* End PBXFileReference section */

/* Begin PBXFrameworksBuildPhase section */
		7565566A231AEC4F0033695B /* Frameworks */ = {
			isa = PBXFrameworksBuildPhase;
			buildActionMask = 2147483647;
			files = (
			);
			runOnlyForDeploymentPostprocessing = 0;
		};
/* End PBXFrameworksBuildPhase section */

/* Begin PBXGroup section */
		75655664231AEC4F0033695B = {
			isa = PBXGroup;
			children = (
				7565566F231AEC4F0033695B /* CodableParsing */,
				7565566E231AEC4F0033695B /* Products */,
			);
			sourceTree = "<group>";
		};
		7565566E231AEC4F0033695B /* Products */ = {
			isa = PBXGroup;
			children = (
				7565566D231AEC4F0033695B /* CodableParsing.app */,
			);
			name = Products;
			sourceTree = "<group>";
		};
		7565566F231AEC4F0033695B /* CodableParsing */ = {
			isa = PBXGroup;
			children = (
				75655670231AEC4F0033695B /* AppDelegate.swift */,
				75655686231B0A450033695B /* CompactMap */,
				75655677231AEC500033695B /* Assets.xcassets */,
				75655679231AEC500033695B /* LaunchScreen.storyboard */,
				7565567C231AEC500033695B /* Info.plist */,
			);
			path = CodableParsing;
			sourceTree = "<group>";
		};
		75655686231B0A450033695B /* CompactMap */ = {
			isa = PBXGroup;
			children = (
				75655682231AEC6C0033695B /* JsonModel.swift */,
				75655672231AEC4F0033695B /* CompactMapVC.swift */,
				75655674231AEC4F0033695B /* CompactMapVC.storyboard */,
			);
			path = CompactMap;
			sourceTree = "<group>";
		};
/* End PBXGroup section */

/* Begin PBXNativeTarget section */
		7565566C231AEC4F0033695B /* CodableParsing */ = {
			isa = PBXNativeTarget;
			buildConfigurationList = 7565567F231AEC500033695B /* Build configuration list for PBXNativeTarget "CodableParsing" */;
			buildPhases = (
				75655669231AEC4F0033695B /* Sources */,
				7565566A231AEC4F0033695B /* Frameworks */,
				7565566B231AEC4F0033695B /* Resources */,
			);
			buildRules = (
			);
			dependencies = (
			);
			name = CodableParsing;
			productName = CodableParsing;
			productReference = 7565566D231AEC4F0033695B /* CodableParsing.app */;
			productType = "com.apple.product-type.application";
		};
/* End PBXNativeTarget section */

/* Begin PBXProject section */
		75655665231AEC4F0033695B /* Project object */ = {
			isa = PBXProject;
			attributes = {
				LastSwiftUpdateCheck = 1010;
				LastUpgradeCheck = 1010;
				ORGANIZATIONNAME = "Anurag Kashyap";
				TargetAttributes = {
					7565566C231AEC4F0033695B = {
						CreatedOnToolsVersion = 10.1;
					};
				};
			};
			buildConfigurationList = 75655668231AEC4F0033695B /* Build configuration list for PBXProject "CodableParsing" */;
			compatibilityVersion = "Xcode 9.3";
			developmentRegion = en;
			hasScannedForEncodings = 0;
			knownRegions = (
				en,
				Base,
			);
			mainGroup = 75655664231AEC4F0033695B;
			productRefGroup = 7565566E231AEC4F0033695B /* Products */;
			projectDirPath = "";
			projectRoot = "";
			targets = (
				7565566C231AEC4F0033695B /* CodableParsing */,
			);
		};
/* End PBXProject section */

/* Begin PBXResourcesBuildPhase section */
		7565566B231AEC4F0033695B /* Resources */ = {
			isa = PBXResourcesBuildPhase;
			buildActionMask = 2147483647;
			files = (
				7565567B231AEC500033695B /* LaunchScreen.storyboard in Resources */,
				75655678231AEC500033695B /* Assets.xcassets in Resources */,
				75655676231AEC4F0033695B /* CompactMapVC.storyboard in Resources */,
			);
			runOnlyForDeploymentPostprocessing = 0;
		};
/* End PBXResourcesBuildPhase section */

/* Begin PBXSourcesBuildPhase section */
		75655669231AEC4F0033695B /* Sources */ = {
			isa = PBXSourcesBuildPhase;
			buildActionMask = 2147483647;
			files = (
				75655683231AEC6C0033695B /* JsonModel.swift in Sources */,
				75655673231AEC4F0033695B /* CompactMapVC.swift in Sources */,
				75655671231AEC4F0033695B /* AppDelegate.swift in Sources */,
			);
			runOnlyForDeploymentPostprocessing = 0;
		};
/* End PBXSourcesBuildPhase section */

/* Begin PBXVariantGroup section */
		75655674231AEC4F0033695B /* CompactMapVC.storyboard */ = {
			isa = PBXVariantGroup;
			children = (
				75655675231AEC4F0033695B /* Base */,
			);
			name = CompactMapVC.storyboard;
			sourceTree = "<group>";
		};
		75655679231AEC500033695B /* LaunchScreen.storyboard */ = {
			isa = PBXVariantGroup;
			children = (
				7565567A231AEC500033695B /* Base */,
			);
			name = LaunchScreen.storyboard;
			sourceTree = "<group>";
		};
/* End PBXVariantGroup section */

/* Begin XCBuildConfiguration section */
		7565567D231AEC500033695B /* Debug */ = {
			isa = XCBuildConfiguration;
			buildSettings = {
				ALWAYS_SEARCH_USER_PATHS = NO;
				CLANG_ANALYZER_NONNULL = YES;
				CLANG_ANALYZER_NUMBER_OBJECT_CONVERSION = YES_AGGRESSIVE;
				CLANG_CXX_LANGUAGE_STANDARD = "gnu++14";
				CLANG_CXX_LIBRARY = "libc++";
				CLANG_ENABLE_MODULES = YES;
				CLANG_ENABLE_OBJC_ARC = YES;
				CLANG_ENABLE_OBJC_WEAK = YES;
				CLANG_WARN_BLOCK_CAPTURE_AUTORELEASING = YES;
				CLANG_WARN_BOOL_CONVERSION = YES;
				CLANG_WARN_COMMA = YES;
				CLANG_WARN_CONSTANT_CONVERSION = YES;
				CLANG_WARN_DEPRECATED_OBJC_IMPLEMENTATIONS = YES;
				CLANG_WARN_DIRECT_OBJC_ISA_USAGE = YES_ERROR;
				CLANG_WARN_DOCUMENTATION_COMMENTS = YES;
				CLANG_WARN_EMPTY_BODY = YES;
				CLANG_WARN_ENUM_CONVERSION = YES;
				CLANG_WARN_INFINITE_RECURSION = YES;
				CLANG_WARN_INT_CONVERSION = YES;
				CLANG_WARN_NON_LITERAL_NULL_CONVERSION = YES;
				CLANG_WARN_OBJC_IMPLICIT_RETAIN_SELF = YES;
				CLANG_WARN_OBJC_LITERAL_CONVERSION = YES;
				CLANG_WARN_OBJC_ROOT_CLASS = YES_ERROR;
				CLANG_WARN_RANGE_LOOP_ANALYSIS = YES;
				CLANG_WARN_STRICT_PROTOTYPES = YES;
				CLANG_WARN_SUSPICIOUS_MOVE = YES;
				CLANG_WARN_UNGUARDED_AVAILABILITY = YES_AGGRESSIVE;
				CLANG_WARN_UNREACHABLE_CODE = YES;
				CLANG_WARN__DUPLICATE_METHOD_MATCH = YES;
				CODE_SIGN_IDENTITY = "iPhone Developer";
				COPY_PHASE_STRIP = NO;
				DEBUG_INFORMATION_FORMAT = dwarf;
				ENABLE_STRICT_OBJC_MSGSEND = YES;
				ENABLE_TESTABILITY = YES;
				GCC_C_LANGUAGE_STANDARD = gnu11;
				GCC_DYNAMIC_NO_PIC = NO;
				GCC_NO_COMMON_BLOCKS = YES;
				GCC_OPTIMIZATION_LEVEL = 0;
				GCC_PREPROCESSOR_DEFINITIONS = (
					"DEBUG=1",
					"$(inherited)",
				);
				GCC_WARN_64_TO_32_BIT_CONVERSION = YES;
				GCC_WARN_ABOUT_RETURN_TYPE = YES_ERROR;
				GCC_WARN_UNDECLARED_SELECTOR = YES;
				GCC_WARN_UNINITIALIZED_AUTOS = YES_AGGRESSIVE;
				GCC_WARN_UNUSED_FUNCTION = YES;
				GCC_WARN_UNUSED_VARIABLE = YES;
				IPHONEOS_DEPLOYMENT_TARGET = 12.1;
				MTL_ENABLE_DEBUG_INFO = INCLUDE_SOURCE;
				MTL_FAST_MATH = YES;
				ONLY_ACTIVE_ARCH = YES;
				SDKROOT = iphoneos;
				SWIFT_ACTIVE_COMPILATION_CONDITIONS = DEBUG;
				SWIFT_OPTIMIZATION_LEVEL = "-Onone";
			};
			name = Debug;
		};
		7565567E231AEC500033695B /* Release */ = {
			isa = XCBuildConfiguration;
			buildSettings = {
				ALWAYS_SEARCH_USER_PATHS = NO;
				CLANG_ANALYZER_NONNULL = YES;
				CLANG_ANALYZER_NUMBER_OBJECT_CONVERSION = YES_AGGRESSIVE;
				CLANG_CXX_LANGUAGE_STANDARD = "gnu++14";
				CLANG_CXX_LIBRARY = "libc++";
				CLANG_ENABLE_MODULES = YES;
				CLANG_ENABLE_OBJC_ARC = YES;
				CLANG_ENABLE_OBJC_WEAK = YES;
				CLANG_WARN_BLOCK_CAPTURE_AUTORELEASING = YES;
				CLANG_WARN_BOOL_CONVERSION = YES;
				CLANG_WARN_COMMA = YES;
				CLANG_WARN_CONSTANT_CONVERSION = YES;
				CLANG_WARN_DEPRECATED_OBJC_IMPLEMENTATIONS = YES;
				CLANG_WARN_DIRECT_OBJC_ISA_USAGE = YES_ERROR;
				CLANG_WARN_DOCUMENTATION_COMMENTS = YES;
				CLANG_WARN_EMPTY_BODY = YES;
				CLANG_WARN_ENUM_CONVERSION = YES;
				CLANG_WARN_INFINITE_RECURSION = YES;
				CLANG_WARN_INT_CONVERSION = YES;
				CLANG_WARN_NON_LITERAL_NULL_CONVERSION = YES;
				CLANG_WARN_OBJC_IMPLICIT_RETAIN_SELF = YES;
				CLANG_WARN_OBJC_LITERAL_CONVERSION = YES;
				CLANG_WARN_OBJC_ROOT_CLASS = YES_ERROR;
				CLANG_WARN_RANGE_LOOP_ANALYSIS = YES;
				CLANG_WARN_STRICT_PROTOTYPES = YES;
				CLANG_WARN_SUSPICIOUS_MOVE = YES;
				CLANG_WARN_UNGUARDED_AVAILABILITY = YES_AGGRESSIVE;
				CLANG_WARN_UNREACHABLE_CODE = YES;
				CLANG_WARN__DUPLICATE_METHOD_MATCH = YES;
				CODE_SIGN_IDENTITY = "iPhone Developer";
				COPY_PHASE_STRIP = NO;
				DEBUG_INFORMATION_FORMAT = "dwarf-with-dsym";
				ENABLE_NS_ASSERTIONS = NO;
				ENABLE_STRICT_OBJC_MSGSEND = YES;
				GCC_C_LANGUAGE_STANDARD = gnu11;
				GCC_NO_COMMON_BLOCKS = YES;
				GCC_WARN_64_TO_32_BIT_CONVERSION = YES;
				GCC_WARN_ABOUT_RETURN_TYPE = YES_ERROR;
				GCC_WARN_UNDECLARED_SELECTOR = YES;
				GCC_WARN_UNINITIALIZED_AUTOS = YES_AGGRESSIVE;
				GCC_WARN_UNUSED_FUNCTION = YES;
				GCC_WARN_UNUSED_VARIABLE = YES;
				IPHONEOS_DEPLOYMENT_TARGET = 12.1;
				MTL_ENABLE_DEBUG_INFO = NO;
				MTL_FAST_MATH = YES;
				SDKROOT = iphoneos;
				SWIFT_COMPILATION_MODE = wholemodule;
				SWIFT_OPTIMIZATION_LEVEL = "-O";
				VALIDATE_PRODUCT = YES;
			};
			name = Release;
		};
		75655680231AEC500033695B /* Debug */ = {
			isa = XCBuildConfiguration;
			buildSettings = {
				ASSETCATALOG_COMPILER_APPICON_NAME = AppIcon;
				CODE_SIGN_STYLE = Automatic;
				DEVELOPMENT_TEAM = 82SXQJ577Y;
				INFOPLIST_FILE = CodableParsing/Info.plist;
				LD_RUNPATH_SEARCH_PATHS = (
					"$(inherited)",
					"@executable_path/Frameworks",
				);
				PRODUCT_BUNDLE_IDENTIFIER = com.AppAttack.CodableParsing;
				PRODUCT_NAME = "$(TARGET_NAME)";
				SWIFT_VERSION = 4.2;
				TARGETED_DEVICE_FAMILY = "1,2";
			};
			name = Debug;
		};
		75655681231AEC500033695B /* Release */ = {
			isa = XCBuildConfiguration;
			buildSettings = {
				ASSETCATALOG_COMPILER_APPICON_NAME = AppIcon;
				CODE_SIGN_STYLE = Automatic;
				DEVELOPMENT_TEAM = 82SXQJ577Y;
				INFOPLIST_FILE = CodableParsing/Info.plist;
				LD_RUNPATH_SEARCH_PATHS = (
					"$(inherited)",
					"@executable_path/Frameworks",
				);
				PRODUCT_BUNDLE_IDENTIFIER = com.AppAttack.CodableParsing;
				PRODUCT_NAME = "$(TARGET_NAME)";
				SWIFT_VERSION = 4.2;
				TARGETED_DEVICE_FAMILY = "1,2";
			};
			name = Release;
		};
/* End XCBuildConfiguration section */

/* Begin XCConfigurationList section */
		75655668231AEC4F0033695B /* Build configuration list for PBXProject "CodableParsing" */ = {
			isa = XCConfigurationList;
			buildConfigurations = (
				7565567D231AEC500033695B /* Debug */,
				7565567E231AEC500033695B /* Release */,
			);
			defaultConfigurationIsVisible = 0;
			defaultConfigurationName = Release;
		};
		7565567F231AEC500033695B /* Build configuration list for PBXNativeTarget "CodableParsing" */ = {
			isa = XCConfigurationList;
			buildConfigurations = (
				75655680231AEC500033695B /* Debug */,
				75655681231AEC500033695B /* Release */,
			);
			defaultConfigurationIsVisible = 0;
			defaultConfigurationName = Release;
		};
/* End XCConfigurationList section */
	};
	rootObject = 75655665231AEC4F0033695B /* Project object */;
}
